
Microsoft Visual Studio Solution File, Format Version 12.00
# Visual Studio 15
VisualStudioVersion = 15.0.26403.7
MinimumVisualStudioVersion = 10.0.40219.1
Project("{FAE04EC0-301F-11D3-BF4B-00C04F79EFBC}") = "Dexiom.Randomizer", "Dexiom.Randomizer\Dexiom.Randomizer.csproj", "{BCB76B5B-667F-4D86-945E-30A363107FEC}"
EndProject
Project("{FAE04EC0-301F-11D3-BF4B-00C04F79EFBC}") = "Dexiom.RandomizerTests", "Dexiom.RandomizerTests\Dexiom.RandomizerTests.csproj", "{98A7778D-F5CB-4B23-9360-F72AED7AA79E}"
EndProject
Global
	GlobalSection(SolutionConfigurationPlatforms) = preSolution
		Debug|Any CPU = Debug|Any CPU
		Release|Any CPU = Release|Any CPU
	EndGlobalSection
	GlobalSection(ProjectConfigurationPlatforms) = postSolution
		{BCB76B5B-667F-4D86-945E-30A363107FEC}.Debug|Any CPU.ActiveCfg = Debug|Any CPU
		{BCB76B5B-667F-4D86-945E-30A363107FEC}.Debug|Any CPU.Build.0 = Debug|Any CPU
		{BCB76B5B-667F-4D86-945E-30A363107FEC}.Release|Any CPU.ActiveCfg = Release|Any CPU
		{BCB76B5B-667F-4D86-945E-30A363107FEC}.Release|Any CPU.Build.0 = Release|Any CPU
		{98A7778D-F5CB-4B23-9360-F72AED7AA79E}.Debug|Any CPU.ActiveCfg = Debug|Any CPU
		{98A7778D-F5CB-4B23-9360-F72AED7AA79E}.Debug|Any CPU.Build.0 = Debug|Any CPU
		{98A7778D-F5CB-4B23-9360-F72AED7AA79E}.Release|Any CPU.ActiveCfg = Release|Any CPU
		{98A7778D-F5CB-4B23-9360-F72AED7AA79E}.Release|Any CPU.Build.0 = Release|Any CPU
	EndGlobalSection
	GlobalSection(SolutionProperties) = preSolution
		HideSolutionNode = FALSE
	EndGlobalSection
EndGlobal
